
Microsoft Visual Studio Solution File, Format Version 12.00
Project("{FAE04EC0-301F-11D3-BF4B-00C04F79EFBC}") = "Medium Factorization", "Medium Factorization\Medium Factorization.csproj", "{5EEA0FFD-8E8D-4415-92F5-8EAA6A3A8526}"
EndProject
Global
	GlobalSection(SolutionConfigurationPlatforms) = preSolution
		Debug|Any CPU = Debug|Any CPU
		Release|Any CPU = Release|Any CPU
	EndGlobalSection
	GlobalSection(ProjectConfigurationPlatforms) = postSolution
		{5EEA0FFD-8E8D-4415-92F5-8EAA6A3A8526}.Debug|Any CPU.ActiveCfg = Debug|Any CPU
		{5EEA0FFD-8E8D-4415-92F5-8EAA6A3A8526}.Debug|Any CPU.Build.0 = Debug|Any CPU
		{5EEA0FFD-8E8D-4415-92F5-8EAA6A3A8526}.Release|Any CPU.ActiveCfg = Release|Any CPU
		{5EEA0FFD-8E8D-4415-92F5-8EAA6A3A8526}.Release|Any CPU.Build.0 = Release|Any CPU
	EndGlobalSection
EndGlobal
