
Microsoft Visual Studio Solution File, Format Version 12.00
Project("{FAE04EC0-301F-11D3-BF4B-00C04F79EFBC}") = "Enormous Input and Output Test", "Enormous Input and Output Test\Enormous Input and Output Test.csproj", "{EBCB0C86-3BF5-4A0F-9F4A-EC1CFB381BED}"
EndProject
Global
	GlobalSection(SolutionConfigurationPlatforms) = preSolution
		Debug|Any CPU = Debug|Any CPU
		Release|Any CPU = Release|Any CPU
	EndGlobalSection
	GlobalSection(ProjectConfigurationPlatforms) = postSolution
		{EBCB0C86-3BF5-4A0F-9F4A-EC1CFB381BED}.Debug|Any CPU.ActiveCfg = Debug|Any CPU
		{EBCB0C86-3BF5-4A0F-9F4A-EC1CFB381BED}.Debug|Any CPU.Build.0 = Debug|Any CPU
		{EBCB0C86-3BF5-4A0F-9F4A-EC1CFB381BED}.Release|Any CPU.ActiveCfg = Release|Any CPU
		{EBCB0C86-3BF5-4A0F-9F4A-EC1CFB381BED}.Release|Any CPU.Build.0 = Release|Any CPU
	EndGlobalSection
EndGlobal
